
Microsoft Visual Studio Solution File, Format Version 12.00
# Visual Studio Version 17
VisualStudioVersion = 17.11.35327.3
MinimumVisualStudioVersion = 10.0.40219.1
Project("{FAE04EC0-301F-11D3-BF4B-00C04F79EFBC}") = "CarRentalManagement1", "CarRentalManagement1\CarRentalManagement1.csproj", "{DB79C13D-BE67-4BB1-9869-E415AC726DE7}"
EndProject
Global
	GlobalSection(SolutionConfigurationPlatforms) = preSolution
		Debug|Any CPU = Debug|Any CPU
		Release|Any CPU = Release|Any CPU
	EndGlobalSection
	GlobalSection(ProjectConfigurationPlatforms) = postSolution
		{DB79C13D-BE67-4BB1-9869-E415AC726DE7}.Debug|Any CPU.ActiveCfg = Debug|Any CPU
		{DB79C13D-BE67-4BB1-9869-E415AC726DE7}.Debug|Any CPU.Build.0 = Debug|Any CPU
		{DB79C13D-BE67-4BB1-9869-E415AC726DE7}.Release|Any CPU.ActiveCfg = Release|Any CPU
		{DB79C13D-BE67-4BB1-9869-E415AC726DE7}.Release|Any CPU.Build.0 = Release|Any CPU
	EndGlobalSection
	GlobalSection(SolutionProperties) = preSolution
		HideSolutionNode = FALSE
	EndGlobalSection
	GlobalSection(ExtensibilityGlobals) = postSolution
		SolutionGuid = {0BC53FE2-E2BE-4159-B1BF-6E637AAA290E}
	EndGlobalSection
EndGlobal
